
Microsoft Visual Studio Solution File, Format Version 12.00
# Visual Studio 2013
Project("{FAE04EC0-301F-11D3-BF4B-00C04F79EFBC}") = "UnityVS.CheckersWarGame.CSharp", "UnityVS.CheckersWarGame.CSharp.csproj", "{C51F3DE4-F0EC-4BD6-DAC0-2E59C9702925}"
EndProject
Global
	GlobalSection(SolutionConfigurationPlatforms) = preSolution
		Debug|Any CPU = Debug|Any CPU
		Release|Any CPU = Release|Any CPU
	EndGlobalSection
	GlobalSection(ProjectConfigurationPlatforms) = postSolution
		{C51F3DE4-F0EC-4BD6-DAC0-2E59C9702925}.Debug|Any CPU.ActiveCfg = Debug|Any CPU
		{C51F3DE4-F0EC-4BD6-DAC0-2E59C9702925}.Debug|Any CPU.Build.0 = Debug|Any CPU
		{C51F3DE4-F0EC-4BD6-DAC0-2E59C9702925}.Release|Any CPU.ActiveCfg = Release|Any CPU
		{C51F3DE4-F0EC-4BD6-DAC0-2E59C9702925}.Release|Any CPU.Build.0 = Release|Any CPU
	EndGlobalSection
	GlobalSection(SolutionProperties) = preSolution
		HideSolutionNode = FALSE
	EndGlobalSection
EndGlobal
